{
  "name": "vehiclesharing-application",
  "version": "1.0.0",
  "lockfileVersion": 1,
  "requires": true,
  "dependencies": {
    "@types/bytebuffer": {
      "version": "5.0.38",
      "resolved": "https://registry.npmjs.org/@types/bytebuffer/-/bytebuffer-5.0.38.tgz",
      "integrity": "sha512-vssbbAavoCx82DlwaYjEFPadKtXCN2xlrHM+9t5rRUMyRif7DcykP8nANq5Xu8R9Y44wPrpby6yLbEsNwmnJmA==",
      "dev": true,
      "requires": {
        "@types/long": "*",
        "@types/node": "*"
      }
    },
    "@types/long": {
      "version": "4.0.0",
      "resolved": "https://registry.npmjs.org/@types/long/-/long-4.0.0.tgz",
      "integrity": "sha512-1w52Nyx4Gq47uuu0EVcsHBxZFJgurQ+rTKS3qMHxR1GY2T8c2AJYd6vZoZ9q1rupaDjU0yT+Jc2XTyXkjeMA+Q==",
      "dev": true
    },
    "@types/node": {
      "version": "10.12.18",
      "resolved": "https://registry.npmjs.org/@types/node/-/node-10.12.18.tgz",
      "integrity": "sha512-fh+pAqt4xRzPfqA6eh3Z2y6fyZavRIumvjhaCL753+TVkGKGhpPeyrJG2JftD0T9q4GF00KjefsQ+PQNDdWQaQ==",
      "dev": true
    },
    "async": {
      "version": "1.0.0",
      "resolved": "http://registry.npmjs.org/async/-/async-1.0.0.tgz",
      "integrity": "sha1-+PwEyjoTeErenhZBr5hXjPvWR6k=",
      "dev": true
    },
    "colors": {
      "version": "1.0.3",
      "resolved": "http://registry.npmjs.org/colors/-/colors-1.0.3.tgz",
      "integrity": "sha1-BDP0TYCWgP3rYO0mDxsMJi6CpAs=",
      "dev": true
    },
    "cycle": {
      "version": "1.0.3",
      "resolved": "https://registry.npmjs.org/cycle/-/cycle-1.0.3.tgz",
      "integrity": "sha1-IegLK+hYD5i0aPN5QwZisEbDStI=",
      "dev": true
    },
    "eyes": {
      "version": "0.1.8",
      "resolved": "https://registry.npmjs.org/eyes/-/eyes-0.1.8.tgz",
      "integrity": "sha1-Ys8SAjTGg3hdkCNIqADvPgzCC8A=",
      "dev": true
    },
    "fabric-ca-client": {
      "version": "file:../../fabric-sdk-node/fabric-ca-client",
      "dev": true,
      "requires": {
        "@types/bytebuffer": "^5.0.34",
        "bn.js": "^4.11.3",
        "elliptic": "^6.2.3",
        "fs-extra": "^6.0.1",
        "grpc": "1.17.0",
        "js-sha3": "^0.7.0",
        "jsrsasign": "^7.2.2",
        "jssha": "^2.1.0",
        "long": "^4.0.0",
        "nconf": "^0.10.0",
        "sjcl": "1.0.7",
        "url": "^0.11.0",
        "util": "^0.10.3",
        "winston": "^2.2.0"
      }
    },
    "fabric-client": {
      "version": "file:../../fabric-sdk-node/fabric-client",
      "dev": true,
      "requires": {
        "@types/bytebuffer": "^5.0.34",
        "bn.js": "^4.11.3",
        "callsite": "^1.0.0",
        "elliptic": "^6.2.3",
        "fs-extra": "^6.0.1",
        "grpc": "1.17.0",
        "hoek": "^4.2.1",
        "ignore-walk": "^3.0.0",
        "js-sha3": "^0.7.0",
        "js-yaml": "^3.9.0",
        "jsrsasign": "^7.2.2",
        "jssha": "^2.1.0",
        "klaw": "^2.0.0",
        "long": "^4.0.0",
        "nano": "^6.4.4",
        "nconf": "^0.10.0",
        "pkcs11js": "^1.0.6",
        "promise-settle": "^0.3.0",
        "protobufjs": "5.0.3",
        "sjcl": "1.0.7",
        "stream-buffers": "3.0.1",
        "tar-stream": "1.6.1",
        "url": "^0.11.0",
        "winston": "^2.2.0"
      }
    },
    "fabric-network": {
      "version": "file:../../fabric-sdk-node/fabric-network",
      "dev": true,
      "requires": {
        "fabric-ca-client": "file:../../fabric-sdk-node/fabric-ca-client",
        "fabric-client": "file:../../fabric-sdk-node/fabric-client",
        "nano": "^6.4.4",
        "rimraf": "^2.6.2",
        "uuid": "^3.2.1"
      }
    },
    "isstream": {
      "version": "0.1.2",
      "resolved": "https://registry.npmjs.org/isstream/-/isstream-0.1.2.tgz",
      "integrity": "sha1-R+Y/evVa+m+S4VAOaQ64uFKcCZo=",
      "dev": true
    },
    "stack-trace": {
      "version": "0.0.10",
      "resolved": "https://registry.npmjs.org/stack-trace/-/stack-trace-0.0.10.tgz",
      "integrity": "sha1-VHxws0fo0ytOEI6hoqFZ5f3eGcA=",
      "dev": true
    },
    "winston": {
      "version": "2.4.4",
      "resolved": "https://registry.npmjs.org/winston/-/winston-2.4.4.tgz",
      "integrity": "sha512-NBo2Pepn4hK4V01UfcWcDlmiVTs7VTB1h7bgnB0rgP146bYhMxX0ypCz3lBOfNxCO4Zuek7yeT+y/zM1OfMw4Q==",
      "dev": true,
      "requires": {
        "async": "~1.0.0",
        "colors": "1.0.x",
        "cycle": "1.0.x",
        "eyes": "0.1.x",
        "isstream": "0.1.x",
        "stack-trace": "0.0.x"
      }
    }
  }
}
